
Microsoft Visual Studio Solution File, Format Version 12.00
# Visual Studio Version 17
VisualStudioVersion = 17.5.002.0
MinimumVisualStudioVersion = 10.0.40219.1
Project("{9A19103F-16F7-4668-BE54-9A1E7A4F7556}") = "Dotnet_LINQ", "Dotnet_LINQ.csproj", "{5D04B908-F14B-4001-8B38-13464A6D997F}"
EndProject
Global
	GlobalSection(SolutionConfigurationPlatforms) = preSolution
		Debug|Any CPU = Debug|Any CPU
		Release|Any CPU = Release|Any CPU
	EndGlobalSection
	GlobalSection(ProjectConfigurationPlatforms) = postSolution
		{5D04B908-F14B-4001-8B38-13464A6D997F}.Debug|Any CPU.ActiveCfg = Debug|Any CPU
		{5D04B908-F14B-4001-8B38-13464A6D997F}.Debug|Any CPU.Build.0 = Debug|Any CPU
		{5D04B908-F14B-4001-8B38-13464A6D997F}.Release|Any CPU.ActiveCfg = Release|Any CPU
		{5D04B908-F14B-4001-8B38-13464A6D997F}.Release|Any CPU.Build.0 = Release|Any CPU
	EndGlobalSection
	GlobalSection(SolutionProperties) = preSolution
		HideSolutionNode = FALSE
	EndGlobalSection
	GlobalSection(ExtensibilityGlobals) = postSolution
		SolutionGuid = {D6EC5AEB-59D2-4226-96E5-4C751A4A94AD}
	EndGlobalSection
EndGlobal
